
Microsoft Visual Studio Solution File, Format Version 12.00
# Visual Studio 15
VisualStudioVersion = 15.0.26430.14
MinimumVisualStudioVersion = 10.0.40219.1
Project("{FAE04EC0-301F-11D3-BF4B-00C04F79EFBC}") = "CosmosDBTuneKata", "CosmosDBTuneKata\CosmosDBTuneKata.csproj", "{9FE4C6E0-7799-4686-B782-F76462A3E0A5}"
EndProject
Project("{2150E333-8FDC-42A3-9474-1A3956D46DE8}") = "NewFolder1", "NewFolder1", "{BB3BB9CF-2226-4D2A-A6D8-0F2C9B8A5670}"
EndProject
Project("{FAE04EC0-301F-11D3-BF4B-00C04F79EFBC}") = "CosmosDBTuneKata.UnitTests", "CosmosDBTuneKata.UnitTests\CosmosDBTuneKata.UnitTests.csproj", "{B881C227-4ABA-4241-A057-B7BCDF4D1407}"
EndProject
Global
	GlobalSection(SolutionConfigurationPlatforms) = preSolution
		Debug|Any CPU = Debug|Any CPU
		Release|Any CPU = Release|Any CPU
	EndGlobalSection
	GlobalSection(ProjectConfigurationPlatforms) = postSolution
		{9FE4C6E0-7799-4686-B782-F76462A3E0A5}.Debug|Any CPU.ActiveCfg = Debug|Any CPU
		{9FE4C6E0-7799-4686-B782-F76462A3E0A5}.Debug|Any CPU.Build.0 = Debug|Any CPU
		{9FE4C6E0-7799-4686-B782-F76462A3E0A5}.Release|Any CPU.ActiveCfg = Release|Any CPU
		{9FE4C6E0-7799-4686-B782-F76462A3E0A5}.Release|Any CPU.Build.0 = Release|Any CPU
		{B881C227-4ABA-4241-A057-B7BCDF4D1407}.Debug|Any CPU.ActiveCfg = Debug|Any CPU
		{B881C227-4ABA-4241-A057-B7BCDF4D1407}.Debug|Any CPU.Build.0 = Debug|Any CPU
		{B881C227-4ABA-4241-A057-B7BCDF4D1407}.Release|Any CPU.ActiveCfg = Release|Any CPU
		{B881C227-4ABA-4241-A057-B7BCDF4D1407}.Release|Any CPU.Build.0 = Release|Any CPU
	EndGlobalSection
	GlobalSection(SolutionProperties) = preSolution
		HideSolutionNode = FALSE
	EndGlobalSection
EndGlobal
